// !$*UTF8*$!
{
	archiveVersion = 1;
	classes = {
	};
	objectVersion = 50;
	objects = {

/* Begin PBXBuildFile section */
		74B9B97B2507B8AA0037D96F /* AppDelegate.swift in Sources */ = {isa = PBXBuildFile; fileRef = 74B9B97A2507B8AA0037D96F /* AppDelegate.swift */; };
		74B9B97D2507B8AA0037D96F /* SceneDelegate.swift in Sources */ = {isa = PBXBuildFile; fileRef = 74B9B97C2507B8AA0037D96F /* SceneDelegate.swift */; };
		74B9B97F2507B8AA0037D96F /* ViewController.swift in Sources */ = {isa = PBXBuildFile; fileRef = 74B9B97E2507B8AA0037D96F /* ViewController.swift */; };
		74B9B9822507B8AA0037D96F /* Main.storyboard in Resources */ = {isa = PBXBuildFile; fileRef = 74B9B9802507B8AA0037D96F /* Main.storyboard */; };
		74B9B9842507B8AB0037D96F /* Assets.xcassets in Resources */ = {isa = PBXBuildFile; fileRef = 74B9B9832507B8AB0037D96F /* Assets.xcassets */; };
		74B9B9872507B8AB0037D96F /* LaunchScreen.storyboard in Resources */ = {isa = PBXBuildFile; fileRef = 74B9B9852507B8AB0037D96F /* LaunchScreen.storyboard */; };
/* End PBXBuildFile section */

/* Begin PBXFileReference section */
		74B9B9772507B8AA0037D96F /* AiBC.app */ = {isa = PBXFileReference; explicitFileType = wrapper.application; includeInIndex = 0; path = AiBC.app; sourceTree = BUILT_PRODUCTS_DIR; };
		74B9B97A2507B8AA0037D96F /* AppDelegate.swift */ = {isa = PBXFileReference; lastKnownFileType = sourcecode.swift; path = AppDelegate.swift; sourceTree = "<group>"; };
		74B9B97C2507B8AA0037D96F /* SceneDelegate.swift */ = {isa = PBXFileReference; lastKnownFileType = sourcecode.swift; path = SceneDelegate.swift; sourceTree = "<group>"; };
		74B9B97E2507B8AA0037D96F /* ViewController.swift */ = {isa = PBXFileReference; lastKnownFileType = sourcecode.swift; path = ViewController.swift; sourceTree = "<group>"; };
		74B9B9812507B8AA0037D96F /* Base */ = {isa = PBXFileReference; lastKnownFileType = file.storyboard; name = Base; path = Base.lproj/Main.storyboard; sourceTree = "<group>"; };
		74B9B9832507B8AB0037D96F /* Assets.xcassets */ = {isa = PBXFileReference; lastKnownFileType = folder.assetcatalog; path = Assets.xcassets; sourceTree = "<group>"; };
		74B9B9862507B8AB0037D96F /* Base */ = {isa = PBXFileReference; lastKnownFileType = file.storyboard; name = Base; path = Base.lproj/LaunchScreen.storyboard; sourceTree = "<group>"; };
		74B9B9882507B8AB0037D96F /* Info.plist */ = {isa = PBXFileReference; lastKnownFileType = text.plist.xml; path = Info.plist; sourceTree = "<group>"; };
/* End PBXFileReference section */

/* Begin PBXFrameworksBuildPhase section */
		74B9B9742507B8AA0037D96F /* Frameworks */ = {
			isa = PBXFrameworksBuildPhase;
			buildActionMask = 2147483647;
			files = (
			);
			runOnlyForDeploymentPostprocessing = 0;
		};
/* End PBXFrameworksBuildPhase section */

/* Begin PBXGroup section */
		74B9B96E2507B8AA0037D96F = {
			isa = PBXGroup;
			children = (
				74B9B9792507B8AA0037D96F /* AiBC */,
				74B9B9782507B8AA0037D96F /* Products */,
			);
			sourceTree = "<group>";
		};
		74B9B9782507B8AA0037D96F /* Products */ = {
			isa = PBXGroup;
			children = (
				74B9B9772507B8AA0037D96F /* AiBC.app */,
			);
			name = Products;
			sourceTree = "<group>";
		};
		74B9B9792507B8AA0037D96F /* AiBC */ = {
			isa = PBXGroup;
			children = (
				74B9B97A2507B8AA0037D96F /* AppDelegate.swift */,
				74B9B97C2507B8AA0037D96F /* SceneDelegate.swift */,
				74B9B97E2507B8AA0037D96F /* ViewController.swift */,
				74B9B9802507B8AA0037D96F /* Main.storyboard */,
				74B9B9832507B8AB0037D96F /* Assets.xcassets */,
				74B9B9852507B8AB0037D96F /* LaunchScreen.storyboard */,
				74B9B9882507B8AB0037D96F /* Info.plist */,
			);
			path = AiBC;
			sourceTree = "<group>";
		};
/* End PBXGroup section */

/* Begin PBXNativeTarget section */
		74B9B9762507B8AA0037D96F /* AiBC */ = {
			isa = PBXNativeTarget;
			buildConfigurationList = 74B9B98B2507B8AB0037D96F /* Build configuration list for PBXNativeTarget "AiBC" */;
			buildPhases = (
				74B9B9732507B8AA0037D96F /* Sources */,
				74B9B9742507B8AA0037D96F /* Frameworks */,
				74B9B9752507B8AA0037D96F /* Resources */,
			);
			buildRules = (
			);
			dependencies = (
			);
			name = AiBC;
			productName = AiBC;
			productReference = 74B9B9772507B8AA0037D96F /* AiBC.app */;
			productType = "com.apple.product-type.application";
		};
/* End PBXNativeTarget section */

/* Begin PBXProject section */
		74B9B96F2507B8AA0037D96F /* Project object */ = {
			isa = PBXProject;
			attributes = {
				LastSwiftUpdateCheck = 1160;
				LastUpgradeCheck = 1160;
				ORGANIZATIONNAME = "吉本和史";
				TargetAttributes = {
					74B9B9762507B8AA0037D96F = {
						CreatedOnToolsVersion = 11.6;
					};
				};
			};
			buildConfigurationList = 74B9B9722507B8AA0037D96F /* Build configuration list for PBXProject "AiBC" */;
			compatibilityVersion = "Xcode 9.3";
			developmentRegion = en;
			hasScannedForEncodings = 0;
			knownRegions = (
				en,
				Base,
			);
			mainGroup = 74B9B96E2507B8AA0037D96F;
			productRefGroup = 74B9B9782507B8AA0037D96F /* Products */;
			projectDirPath = "";
			projectRoot = "";
			targets = (
				74B9B9762507B8AA0037D96F /* AiBC */,
			);
		};
/* End PBXProject section */

/* Begin PBXResourcesBuildPhase section */
		74B9B9752507B8AA0037D96F /* Resources */ = {
			isa = PBXResourcesBuildPhase;
			buildActionMask = 2147483647;
			files = (
				74B9B9872507B8AB0037D96F /* LaunchScreen.storyboard in Resources */,
				74B9B9842507B8AB0037D96F /* Assets.xcassets in Resources */,
				74B9B9822507B8AA0037D96F /* Main.storyboard in Resources */,
			);
			runOnlyForDeploymentPostprocessing = 0;
		};
/* End PBXResourcesBuildPhase section */

/* Begin PBXSourcesBuildPhase section */
		74B9B9732507B8AA0037D96F /* Sources */ = {
			isa = PBXSourcesBuildPhase;
			buildActionMask = 2147483647;
			files = (
				74B9B97F2507B8AA0037D96F /* ViewController.swift in Sources */,
				74B9B97B2507B8AA0037D96F /* AppDelegate.swift in Sources */,
				74B9B97D2507B8AA0037D96F /* SceneDelegate.swift in Sources */,
			);
			runOnlyForDeploymentPostprocessing = 0;
		};
/* End PBXSourcesBuildPhase section */

/* Begin PBXVariantGroup section */
		74B9B9802507B8AA0037D96F /* Main.storyboard */ = {
			isa = PBXVariantGroup;
			children = (
				74B9B9812507B8AA0037D96F /* Base */,
			);
			name = Main.storyboard;
			sourceTree = "<group>";
		};
		74B9B9852507B8AB0037D96F /* LaunchScreen.storyboard */ = {
			isa = PBXVariantGroup;
			children = (
				74B9B9862507B8AB0037D96F /* Base */,
			);
			name = LaunchScreen.storyboard;
			sourceTree = "<group>";
		};
/* End PBXVariantGroup section */

/* Begin XCBuildConfiguration section */
		74B9B9892507B8AB0037D96F /* Debug */ = {
			isa = XCBuildConfiguration;
			buildSettings = {
				ALWAYS_SEARCH_USER_PATHS = NO;
				CLANG_ANALYZER_NONNULL = YES;
				CLANG_ANALYZER_NUMBER_OBJECT_CONVERSION = YES_AGGRESSIVE;
				CLANG_CXX_LANGUAGE_STANDARD = "gnu++14";
				CLANG_CXX_LIBRARY = "libc++";
				CLANG_ENABLE_MODULES = YES;
				CLANG_ENABLE_OBJC_ARC = YES;
				CLANG_ENABLE_OBJC_WEAK = YES;
				CLANG_WARN_BLOCK_CAPTURE_AUTORELEASING = YES;
				CLANG_WARN_BOOL_CONVERSION = YES;
				CLANG_WARN_COMMA = YES;
				CLANG_WARN_CONSTANT_CONVERSION = YES;
				CLANG_WARN_DEPRECATED_OBJC_IMPLEMENTATIONS = YES;
				CLANG_WARN_DIRECT_OBJC_ISA_USAGE = YES_ERROR;
				CLANG_WARN_DOCUMENTATION_COMMENTS = YES;
				CLANG_WARN_EMPTY_BODY = YES;
				CLANG_WARN_ENUM_CONVERSION = YES;
				CLANG_WARN_INFINITE_RECURSION = YES;
				CLANG_WARN_INT_CONVERSION = YES;
				CLANG_WARN_NON_LITERAL_NULL_CONVERSION = YES;
				CLANG_WARN_OBJC_IMPLICIT_RETAIN_SELF = YES;
				CLANG_WARN_OBJC_LITERAL_CONVERSION = YES;
				CLANG_WARN_OBJC_ROOT_CLASS = YES_ERROR;
				CLANG_WARN_RANGE_LOOP_ANALYSIS = YES;
				CLANG_WARN_STRICT_PROTOTYPES = YES;
				CLANG_WARN_SUSPICIOUS_MOVE = YES;
				CLANG_WARN_UNGUARDED_AVAILABILITY = YES_AGGRESSIVE;
				CLANG_WARN_UNREACHABLE_CODE = YES;
				CLANG_WARN__DUPLICATE_METHOD_MATCH = YES;
				COPY_PHASE_STRIP = NO;
				DEBUG_INFORMATION_FORMAT = dwarf;
				ENABLE_STRICT_OBJC_MSGSEND = YES;
				ENABLE_TESTABILITY = YES;
				GCC_C_LANGUAGE_STANDARD = gnu11;
				GCC_DYNAMIC_NO_PIC = NO;
				GCC_NO_COMMON_BLOCKS = YES;
				GCC_OPTIMIZATION_LEVEL = 0;
				GCC_PREPROCESSOR_DEFINITIONS = (
					"DEBUG=1",
					"$(inherited)",
				);
				GCC_WARN_64_TO_32_BIT_CONVERSION = YES;
				GCC_WARN_ABOUT_RETURN_TYPE = YES_ERROR;
				GCC_WARN_UNDECLARED_SELECTOR = YES;
				GCC_WARN_UNINITIALIZED_AUTOS = YES_AGGRESSIVE;
				GCC_WARN_UNUSED_FUNCTION = YES;
				GCC_WARN_UNUSED_VARIABLE = YES;
				IPHONEOS_DEPLOYMENT_TARGET = 13.6;
				MTL_ENABLE_DEBUG_INFO = INCLUDE_SOURCE;
				MTL_FAST_MATH = YES;
				ONLY_ACTIVE_ARCH = YES;
				SDKROOT = iphoneos;
				SWIFT_ACTIVE_COMPILATION_CONDITIONS = DEBUG;
				SWIFT_OPTIMIZATION_LEVEL = "-Onone";
			};
			name = Debug;
		};
		74B9B98A2507B8AB0037D96F /* Release */ = {
			isa = XCBuildConfiguration;
			buildSettings = {
				ALWAYS_SEARCH_USER_PATHS = NO;
				CLANG_ANALYZER_NONNULL = YES;
				CLANG_ANALYZER_NUMBER_OBJECT_CONVERSION = YES_AGGRESSIVE;
				CLANG_CXX_LANGUAGE_STANDARD = "gnu++14";
				CLANG_CXX_LIBRARY = "libc++";
				CLANG_ENABLE_MODULES = YES;
				CLANG_ENABLE_OBJC_ARC = YES;
				CLANG_ENABLE_OBJC_WEAK = YES;
				CLANG_WARN_BLOCK_CAPTURE_AUTORELEASING = YES;
				CLANG_WARN_BOOL_CONVERSION = YES;
				CLANG_WARN_COMMA = YES;
				CLANG_WARN_CONSTANT_CONVERSION = YES;
				CLANG_WARN_DEPRECATED_OBJC_IMPLEMENTATIONS = YES;
				CLANG_WARN_DIRECT_OBJC_ISA_USAGE = YES_ERROR;
				CLANG_WARN_DOCUMENTATION_COMMENTS = YES;
				CLANG_WARN_EMPTY_BODY = YES;
				CLANG_WARN_ENUM_CONVERSION = YES;
				CLANG_WARN_INFINITE_RECURSION = YES;
				CLANG_WARN_INT_CONVERSION = YES;
				CLANG_WARN_NON_LITERAL_NULL_CONVERSION = YES;
				CLANG_WARN_OBJC_IMPLICIT_RETAIN_SELF = YES;
				CLANG_WARN_OBJC_LITERAL_CONVERSION = YES;
				CLANG_WARN_OBJC_ROOT_CLASS = YES_ERROR;
				CLANG_WARN_RANGE_LOOP_ANALYSIS = YES;
				CLANG_WARN_STRICT_PROTOTYPES = YES;
				CLANG_WARN_SUSPICIOUS_MOVE = YES;
				CLANG_WARN_UNGUARDED_AVAILABILITY = YES_AGGRESSIVE;
				CLANG_WARN_UNREACHABLE_CODE = YES;
				CLANG_WARN__DUPLICATE_METHOD_MATCH = YES;
				COPY_PHASE_STRIP = NO;
				DEBUG_INFORMATION_FORMAT = "dwarf-with-dsym";
				ENABLE_NS_ASSERTIONS = NO;
				ENABLE_STRICT_OBJC_MSGSEND = YES;
				GCC_C_LANGUAGE_STANDARD = gnu11;
				GCC_NO_COMMON_BLOCKS = YES;
				GCC_WARN_64_TO_32_BIT_CONVERSION = YES;
				GCC_WARN_ABOUT_RETURN_TYPE = YES_ERROR;
				GCC_WARN_UNDECLARED_SELECTOR = YES;
				GCC_WARN_UNINITIALIZED_AUTOS = YES_AGGRESSIVE;
				GCC_WARN_UNUSED_FUNCTION = YES;
				GCC_WARN_UNUSED_VARIABLE = YES;
				IPHONEOS_DEPLOYMENT_TARGET = 13.6;
				MTL_ENABLE_DEBUG_INFO = NO;
				MTL_FAST_MATH = YES;
				SDKROOT = iphoneos;
				SWIFT_COMPILATION_MODE = wholemodule;
				SWIFT_OPTIMIZATION_LEVEL = "-O";
				VALIDATE_PRODUCT = YES;
			};
			name = Release;
		};
		74B9B98C2507B8AB0037D96F /* Debug */ = {
			isa = XCBuildConfiguration;
			buildSettings = {
				ASSETCATALOG_COMPILER_APPICON_NAME = AppIcon;
				CODE_SIGN_STYLE = Automatic;
				DEVELOPMENT_TEAM = 5VN4N5GJ44;
				INFOPLIST_FILE = AiBC/Info.plist;
				LD_RUNPATH_SEARCH_PATHS = (
					"$(inherited)",
					"@executable_path/Frameworks",
				);
				PRODUCT_BUNDLE_IDENTIFIER = com.kazufumiyoshimoto.AiBC;
				PRODUCT_NAME = "$(TARGET_NAME)";
				SWIFT_VERSION = 5.0;
				TARGETED_DEVICE_FAMILY = "1,2";
			};
			name = Debug;
		};
		74B9B98D2507B8AB0037D96F /* Release */ = {
			isa = XCBuildConfiguration;
			buildSettings = {
				ASSETCATALOG_COMPILER_APPICON_NAME = AppIcon;
				CODE_SIGN_STYLE = Automatic;
				DEVELOPMENT_TEAM = 5VN4N5GJ44;
				INFOPLIST_FILE = AiBC/Info.plist;
				LD_RUNPATH_SEARCH_PATHS = (
					"$(inherited)",
					"@executable_path/Frameworks",
				);
				PRODUCT_BUNDLE_IDENTIFIER = com.kazufumiyoshimoto.AiBC;
				PRODUCT_NAME = "$(TARGET_NAME)";
				SWIFT_VERSION = 5.0;
				TARGETED_DEVICE_FAMILY = "1,2";
			};
			name = Release;
		};
/* End XCBuildConfiguration section */

/* Begin XCConfigurationList section */
		74B9B9722507B8AA0037D96F /* Build configuration list for PBXProject "AiBC" */ = {
			isa = XCConfigurationList;
			buildConfigurations = (
				74B9B9892507B8AB0037D96F /* Debug */,
				74B9B98A2507B8AB0037D96F /* Release */,
			);
			defaultConfigurationIsVisible = 0;
			defaultConfigurationName = Release;
		};
		74B9B98B2507B8AB0037D96F /* Build configuration list for PBXNativeTarget "AiBC" */ = {
			isa = XCConfigurationList;
			buildConfigurations = (
				74B9B98C2507B8AB0037D96F /* Debug */,
				74B9B98D2507B8AB0037D96F /* Release */,
			);
			defaultConfigurationIsVisible = 0;
			defaultConfigurationName = Release;
		};
/* End XCConfigurationList section */
	};
	rootObject = 74B9B96F2507B8AA0037D96F /* Project object */;
}
